
Microsoft Visual Studio Solution File, Format Version 12.00
# Visual Studio Version 16
VisualStudioVersion = 16.0.809.4
MinimumVisualStudioVersion = 10.0.40219.1
Project("{FAE04EC0-301F-11D3-BF4B-00C04F79EFBC}") = "NCMBClient", "NCMBClient.csproj", "{9831094D-E678-4652-BEE4-821A667C73C9}"
EndProject
Global
	GlobalSection(SolutionConfigurationPlatforms) = preSolution
		Debug|Any CPU = Debug|Any CPU
		Release|Any CPU = Release|Any CPU
	EndGlobalSection
	GlobalSection(ProjectConfigurationPlatforms) = postSolution
		{9831094D-E678-4652-BEE4-821A667C73C9}.Debug|Any CPU.ActiveCfg = Debug|Any CPU
		{9831094D-E678-4652-BEE4-821A667C73C9}.Debug|Any CPU.Build.0 = Debug|Any CPU
		{9831094D-E678-4652-BEE4-821A667C73C9}.Release|Any CPU.ActiveCfg = Release|Any CPU
		{9831094D-E678-4652-BEE4-821A667C73C9}.Release|Any CPU.Build.0 = Release|Any CPU
	EndGlobalSection
	GlobalSection(SolutionProperties) = preSolution
		HideSolutionNode = FALSE
	EndGlobalSection
	GlobalSection(ExtensibilityGlobals) = postSolution
		SolutionGuid = {3C2ABCB7-A847-4D4B-AB21-553A5A6FFACF}
	EndGlobalSection
EndGlobal
